
Microsoft Visual Studio Solution File, Format Version 12.00
# Visual Studio Version 17
VisualStudioVersion = 17.5.33516.290
MinimumVisualStudioVersion = 10.0.40219.1
Project("{FAE04EC0-301F-11D3-BF4B-00C04F79EFBC}") = "PishgamApi", "PishgamApi.csproj", "{A9E32C1D-B6FF-40C4-AC19-6321DDD86AB2}"
EndProject
Global
	GlobalSection(SolutionConfigurationPlatforms) = preSolution
		Debug|Any CPU = Debug|Any CPU
		Release|Any CPU = Release|Any CPU
	EndGlobalSection
	GlobalSection(ProjectConfigurationPlatforms) = postSolution
		{A9E32C1D-B6FF-40C4-AC19-6321DDD86AB2}.Debug|Any CPU.ActiveCfg = Debug|Any CPU
		{A9E32C1D-B6FF-40C4-AC19-6321DDD86AB2}.Debug|Any CPU.Build.0 = Debug|Any CPU
		{A9E32C1D-B6FF-40C4-AC19-6321DDD86AB2}.Release|Any CPU.ActiveCfg = Release|Any CPU
		{A9E32C1D-B6FF-40C4-AC19-6321DDD86AB2}.Release|Any CPU.Build.0 = Release|Any CPU
	EndGlobalSection
	GlobalSection(SolutionProperties) = preSolution
		HideSolutionNode = FALSE
	EndGlobalSection
	GlobalSection(ExtensibilityGlobals) = postSolution
		SolutionGuid = {5B799F7C-601B-4434-8EBF-7AB2A0163E72}
	EndGlobalSection
EndGlobal
